github.com/cenkalti/backoff v1.0.1-0.20170329104900-5d150e7eec02 h1:dN1qQaHWwYfBT+d1+FqS9/jQV+BUdcgDMt3WzRjBE+A=
github.com/cenkalti/backoff v1.0.1-0.20170329104900-5d150e7eec02/go.mod h1:90ReRw6GdpyfrHakVjL/QHaoyV4aDUVVkXQJJJ3NXXM=
github.com/dghubble/go-twitter v0.0.0-20170423073526-2bdbe500add5 h1:ZIshpVL40j3fqH0in3wEYCHuiHknUBrOEJKyZ0c3CPY=
github.com/dghubble/go-twitter v0.0.0-20170423073526-2bdbe500add5/go.mod h1:6beqTZaXeBPti9pDBcBEqxfJc7uCbSafqZPRDPQOKoM=
github.com/dghubble/oauth1 v0.4.1-0.20170219195226-3c7784d12fed h1:rukyABOgrxe7A6PFYxAMUEuNXdMDIG/yZJ5ZY5xFxGE=
github.com/dghubble/oauth1 v0.4.1-0.20170219195226-3c7784d12fed/go.mod h1:8V8BMV9DJRREZx/lUaHtrs7GUMXpzbMqJxINCasxYug=
github.com/dghubble/sling v1.1.1-0.20170322050659-bbfb8293bd33 h1:xMT7crqxivBoJR5dqb3N+y04NB6I5SB5jKscgf+Kl6M=
github.com/dghubble/sling v1.1.1-0.20170322050659-bbfb8293bd33/go.mod h1:ZcPRuLm0qrcULW2gOrjXrAWgf76sahqSyxXyVOvkunE=
github.com/google/go-querystring v0.0.0-20170111101155-53e6ce116135 h1:zLTLjkaOFEFIOxY5BWLFLwh+cL8vOBW4XJ2aqLE/Tf0=
github.com/google/go-querystring v0.0.0-20170111101155-53e6ce116135/go.mod h1:odCYkC5MyYFN7vkCjXpyrEuKhc/BUO6wN/zVPAxq5ck=
golang.org/x/net v0.0.0-20170513003010-84f0e6f92b10 h1:ZKvORbFCQlZvHCWzpNCaToNXamq9BJj6rIodfQM1zfY=
golang.org/x/net v0.0.0-20170513003010-84f0e6f92b10/go.mod h1:mL1N/T3taQHkDXs73rZJwtUhF3w3ftmwwsq0BUmARs4=
